
Microsoft Visual Studio Solution File, Format Version 12.00
# Visual Studio Version 17
VisualStudioVersion = 17.12.35527.113
MinimumVisualStudioVersion = 10.0.40219.1
Project("{FAE04EC0-301F-11D3-BF4B-00C04F79EFBC}") = "PureVSImpureFunctions", "PureVSImpureFunctions\PureVSImpureFunctions.csproj", "{FBAB763E-C905-4C57-AE57-DF6266AA5BAE}"
EndProject
Project("{FAE04EC0-301F-11D3-BF4B-00C04F79EFBC}") = "FunctionalProgramming", "FunctionalProgramming\FunctionalProgramming.csproj", "{157F4837-2A9D-4B7E-BDFE-062602148D4D}"
EndProject
Project("{FAE04EC0-301F-11D3-BF4B-00C04F79EFBC}") = "CoreOfLINQ", "CoreOfLINQ\CoreOfLINQ.csproj", "{D71459FD-BDD8-4597-B935-A78249DABB2D}"
EndProject
Project("{FAE04EC0-301F-11D3-BF4B-00C04F79EFBC}") = "ProjectionOperation", "ProjectionOperation\ProjectionOperation.csproj", "{83DCE4EF-6134-450D-A9B9-B9BE176CC348}"
EndProject
Project("{FAE04EC0-301F-11D3-BF4B-00C04F79EFBC}") = "SortingData", "SortingData\SortingData.csproj", "{58D431FB-6F49-4F74-BBB4-519792A753D1}"
EndProject
Project("{FAE04EC0-301F-11D3-BF4B-00C04F79EFBC}") = "DataPartitioning", "DataPartitioning\DataPartitioning.csproj", "{470549C7-399A-4138-9EFE-F6F0BE7CC781}"
EndProject
Project("{FAE04EC0-301F-11D3-BF4B-00C04F79EFBC}") = "Another_playlist", "Another_playlist\Another_playlist.csproj", "{14728B5B-CBB7-45CC-AFC0-E61959E51D63}"
EndProject
Project("{FAE04EC0-301F-11D3-BF4B-00C04F79EFBC}") = "ExpressionTrees", "ExpressionTrees\ExpressionTrees.csproj", "{BC1345B2-FE8E-4126-A4B0-ACC370FFF7CC}"
EndProject
Project("{FAE04EC0-301F-11D3-BF4B-00C04F79EFBC}") = "IEnumerableVsIQueryable", "IEnumerableVsIQueryable\IEnumerableVsIQueryable.csproj", "{C6F8EEFC-D14E-4407-96CC-BB52C7399148}"
EndProject
Project("{FAE04EC0-301F-11D3-BF4B-00C04F79EFBC}") = "CustomLINQExtensionMethod", "CustomLINQExtensionMethod\CustomLINQExtensionMethod.csproj", "{78805132-AFDD-49F8-9CF6-CD37D5D34FAB}"
EndProject
Project("{FAE04EC0-301F-11D3-BF4B-00C04F79EFBC}") = "LINQAnatomy", "LINQAnatomy\LINQAnatomy.csproj", "{8ED6FCEA-D449-49D3-A4AB-E8AF86F173C4}"
EndProject
Global
	GlobalSection(SolutionConfigurationPlatforms) = preSolution
		Debug|Any CPU = Debug|Any CPU
		Release|Any CPU = Release|Any CPU
	EndGlobalSection
	GlobalSection(ProjectConfigurationPlatforms) = postSolution
		{FBAB763E-C905-4C57-AE57-DF6266AA5BAE}.Debug|Any CPU.ActiveCfg = Debug|Any CPU
		{FBAB763E-C905-4C57-AE57-DF6266AA5BAE}.Debug|Any CPU.Build.0 = Debug|Any CPU
		{FBAB763E-C905-4C57-AE57-DF6266AA5BAE}.Release|Any CPU.ActiveCfg = Release|Any CPU
		{FBAB763E-C905-4C57-AE57-DF6266AA5BAE}.Release|Any CPU.Build.0 = Release|Any CPU
		{157F4837-2A9D-4B7E-BDFE-062602148D4D}.Debug|Any CPU.ActiveCfg = Debug|Any CPU
		{157F4837-2A9D-4B7E-BDFE-062602148D4D}.Debug|Any CPU.Build.0 = Debug|Any CPU
		{157F4837-2A9D-4B7E-BDFE-062602148D4D}.Release|Any CPU.ActiveCfg = Release|Any CPU
		{157F4837-2A9D-4B7E-BDFE-062602148D4D}.Release|Any CPU.Build.0 = Release|Any CPU
		{D71459FD-BDD8-4597-B935-A78249DABB2D}.Debug|Any CPU.ActiveCfg = Debug|Any CPU
		{D71459FD-BDD8-4597-B935-A78249DABB2D}.Debug|Any CPU.Build.0 = Debug|Any CPU
		{D71459FD-BDD8-4597-B935-A78249DABB2D}.Release|Any CPU.ActiveCfg = Release|Any CPU
		{D71459FD-BDD8-4597-B935-A78249DABB2D}.Release|Any CPU.Build.0 = Release|Any CPU
		{83DCE4EF-6134-450D-A9B9-B9BE176CC348}.Debug|Any CPU.ActiveCfg = Debug|Any CPU
		{83DCE4EF-6134-450D-A9B9-B9BE176CC348}.Debug|Any CPU.Build.0 = Debug|Any CPU
		{83DCE4EF-6134-450D-A9B9-B9BE176CC348}.Release|Any CPU.ActiveCfg = Release|Any CPU
		{83DCE4EF-6134-450D-A9B9-B9BE176CC348}.Release|Any CPU.Build.0 = Release|Any CPU
		{58D431FB-6F49-4F74-BBB4-519792A753D1}.Debug|Any CPU.ActiveCfg = Debug|Any CPU
		{58D431FB-6F49-4F74-BBB4-519792A753D1}.Debug|Any CPU.Build.0 = Debug|Any CPU
		{58D431FB-6F49-4F74-BBB4-519792A753D1}.Release|Any CPU.ActiveCfg = Release|Any CPU
		{58D431FB-6F49-4F74-BBB4-519792A753D1}.Release|Any CPU.Build.0 = Release|Any CPU
		{470549C7-399A-4138-9EFE-F6F0BE7CC781}.Debug|Any CPU.ActiveCfg = Debug|Any CPU
		{470549C7-399A-4138-9EFE-F6F0BE7CC781}.Debug|Any CPU.Build.0 = Debug|Any CPU
		{470549C7-399A-4138-9EFE-F6F0BE7CC781}.Release|Any CPU.ActiveCfg = Release|Any CPU
		{470549C7-399A-4138-9EFE-F6F0BE7CC781}.Release|Any CPU.Build.0 = Release|Any CPU
		{14728B5B-CBB7-45CC-AFC0-E61959E51D63}.Debug|Any CPU.ActiveCfg = Debug|Any CPU
		{14728B5B-CBB7-45CC-AFC0-E61959E51D63}.Debug|Any CPU.Build.0 = Debug|Any CPU
		{14728B5B-CBB7-45CC-AFC0-E61959E51D63}.Release|Any CPU.ActiveCfg = Release|Any CPU
		{14728B5B-CBB7-45CC-AFC0-E61959E51D63}.Release|Any CPU.Build.0 = Release|Any CPU
		{BC1345B2-FE8E-4126-A4B0-ACC370FFF7CC}.Debug|Any CPU.ActiveCfg = Debug|Any CPU
		{BC1345B2-FE8E-4126-A4B0-ACC370FFF7CC}.Debug|Any CPU.Build.0 = Debug|Any CPU
		{BC1345B2-FE8E-4126-A4B0-ACC370FFF7CC}.Release|Any CPU.ActiveCfg = Release|Any CPU
		{BC1345B2-FE8E-4126-A4B0-ACC370FFF7CC}.Release|Any CPU.Build.0 = Release|Any CPU
		{C6F8EEFC-D14E-4407-96CC-BB52C7399148}.Debug|Any CPU.ActiveCfg = Debug|Any CPU
		{C6F8EEFC-D14E-4407-96CC-BB52C7399148}.Debug|Any CPU.Build.0 = Debug|Any CPU
		{C6F8EEFC-D14E-4407-96CC-BB52C7399148}.Release|Any CPU.ActiveCfg = Release|Any CPU
		{C6F8EEFC-D14E-4407-96CC-BB52C7399148}.Release|Any CPU.Build.0 = Release|Any CPU
		{78805132-AFDD-49F8-9CF6-CD37D5D34FAB}.Debug|Any CPU.ActiveCfg = Debug|Any CPU
		{78805132-AFDD-49F8-9CF6-CD37D5D34FAB}.Debug|Any CPU.Build.0 = Debug|Any CPU
		{78805132-AFDD-49F8-9CF6-CD37D5D34FAB}.Release|Any CPU.ActiveCfg = Release|Any CPU
		{78805132-AFDD-49F8-9CF6-CD37D5D34FAB}.Release|Any CPU.Build.0 = Release|Any CPU
		{8ED6FCEA-D449-49D3-A4AB-E8AF86F173C4}.Debug|Any CPU.ActiveCfg = Debug|Any CPU
		{8ED6FCEA-D449-49D3-A4AB-E8AF86F173C4}.Debug|Any CPU.Build.0 = Debug|Any CPU
		{8ED6FCEA-D449-49D3-A4AB-E8AF86F173C4}.Release|Any CPU.ActiveCfg = Release|Any CPU
		{8ED6FCEA-D449-49D3-A4AB-E8AF86F173C4}.Release|Any CPU.Build.0 = Release|Any CPU
	EndGlobalSection
	GlobalSection(SolutionProperties) = preSolution
		HideSolutionNode = FALSE
	EndGlobalSection
EndGlobal
