
Microsoft Visual Studio Solution File, Format Version 12.00
# Visual Studio Version 17
VisualStudioVersion = 17.12.35527.113
MinimumVisualStudioVersion = 10.0.40219.1
Project("{FAE04EC0-301F-11D3-BF4B-00C04F79EFBC}") = "PureVSImpureFunctions", "PureVSImpureFunctions\PureVSImpureFunctions.csproj", "{FBAB763E-C905-4C57-AE57-DF6266AA5BAE}"
EndProject
Project("{FAE04EC0-301F-11D3-BF4B-00C04F79EFBC}") = "FunctionalProgramming", "FunctionalProgramming\FunctionalProgramming.csproj", "{157F4837-2A9D-4B7E-BDFE-062602148D4D}"
EndProject
Global
	GlobalSection(SolutionConfigurationPlatforms) = preSolution
		Debug|Any CPU = Debug|Any CPU
		Release|Any CPU = Release|Any CPU
	EndGlobalSection
	GlobalSection(ProjectConfigurationPlatforms) = postSolution
		{FBAB763E-C905-4C57-AE57-DF6266AA5BAE}.Debug|Any CPU.ActiveCfg = Debug|Any CPU
		{FBAB763E-C905-4C57-AE57-DF6266AA5BAE}.Debug|Any CPU.Build.0 = Debug|Any CPU
		{FBAB763E-C905-4C57-AE57-DF6266AA5BAE}.Release|Any CPU.ActiveCfg = Release|Any CPU
		{FBAB763E-C905-4C57-AE57-DF6266AA5BAE}.Release|Any CPU.Build.0 = Release|Any CPU
		{157F4837-2A9D-4B7E-BDFE-062602148D4D}.Debug|Any CPU.ActiveCfg = Debug|Any CPU
		{157F4837-2A9D-4B7E-BDFE-062602148D4D}.Debug|Any CPU.Build.0 = Debug|Any CPU
		{157F4837-2A9D-4B7E-BDFE-062602148D4D}.Release|Any CPU.ActiveCfg = Release|Any CPU
		{157F4837-2A9D-4B7E-BDFE-062602148D4D}.Release|Any CPU.Build.0 = Release|Any CPU
	EndGlobalSection
	GlobalSection(SolutionProperties) = preSolution
		HideSolutionNode = FALSE
	EndGlobalSection
EndGlobal
